
Microsoft Visual Studio Solution File, Format Version 12.00
# Visual Studio 2017
Project("{FAE04EC0-301F-11D3-BF4B-00C04F79EFBC}") = "EstudoCSharp.Plugins", "EstudoCSharp.Plugins.csproj", "{66E74BD0-559C-CA4E-B1D7-0A9C633EEAE8}"
EndProject
Project("{FAE04EC0-301F-11D3-BF4B-00C04F79EFBC}") = "EstudoCSharp", "EstudoCSharp.csproj", "{0ADFAF9B-D3C0-E265-9839-F49ED69B3700}"
EndProject
Project("{FAE04EC0-301F-11D3-BF4B-00C04F79EFBC}") = "EstudoCSharp.Editor.Plugins", "EstudoCSharp.Editor.Plugins.csproj", "{13F9977E-EFB4-C167-BCA3-AFBAEE0DF173}"
EndProject
Global
	GlobalSection(SolutionConfigurationPlatforms) = preSolution
		Debug|Any CPU = Debug|Any CPU
		Release|Any CPU = Release|Any CPU
	EndGlobalSection
	GlobalSection(ProjectConfigurationPlatforms) = postSolution
		{66E74BD0-559C-CA4E-B1D7-0A9C633EEAE8}.Debug|Any CPU.ActiveCfg = Debug|Any CPU
		{66E74BD0-559C-CA4E-B1D7-0A9C633EEAE8}.Debug|Any CPU.Build.0 = Debug|Any CPU
		{66E74BD0-559C-CA4E-B1D7-0A9C633EEAE8}.Release|Any CPU.ActiveCfg = Release|Any CPU
		{66E74BD0-559C-CA4E-B1D7-0A9C633EEAE8}.Release|Any CPU.Build.0 = Release|Any CPU
		{0ADFAF9B-D3C0-E265-9839-F49ED69B3700}.Debug|Any CPU.ActiveCfg = Debug|Any CPU
		{0ADFAF9B-D3C0-E265-9839-F49ED69B3700}.Debug|Any CPU.Build.0 = Debug|Any CPU
		{0ADFAF9B-D3C0-E265-9839-F49ED69B3700}.Release|Any CPU.ActiveCfg = Release|Any CPU
		{0ADFAF9B-D3C0-E265-9839-F49ED69B3700}.Release|Any CPU.Build.0 = Release|Any CPU
		{13F9977E-EFB4-C167-BCA3-AFBAEE0DF173}.Debug|Any CPU.ActiveCfg = Debug|Any CPU
		{13F9977E-EFB4-C167-BCA3-AFBAEE0DF173}.Debug|Any CPU.Build.0 = Debug|Any CPU
		{13F9977E-EFB4-C167-BCA3-AFBAEE0DF173}.Release|Any CPU.ActiveCfg = Release|Any CPU
		{13F9977E-EFB4-C167-BCA3-AFBAEE0DF173}.Release|Any CPU.Build.0 = Release|Any CPU
	EndGlobalSection
	GlobalSection(SolutionProperties) = preSolution
		HideSolutionNode = FALSE
	EndGlobalSection
EndGlobal
